
Microsoft Visual Studio Solution File, Format Version 12.00
# Visual Studio Version 17
VisualStudioVersion = 17.5.33516.290
MinimumVisualStudioVersion = 10.0.40219.1
Project("{FAE04EC0-301F-11D3-BF4B-00C04F79EFBC}") = "App", "App\App.csproj", "{B1EF0999-0618-405C-9C34-CC58F3D5F392}"
EndProject
Project("{FAE04EC0-301F-11D3-BF4B-00C04F79EFBC}") = "Tests", "Tests\Tests.csproj", "{3853D6D8-54E9-4F35-8FA9-8A1C2BAE1DF1}"
EndProject
Global
	GlobalSection(SolutionConfigurationPlatforms) = preSolution
		Debug|Any CPU = Debug|Any CPU
		Release|Any CPU = Release|Any CPU
	EndGlobalSection
	GlobalSection(ProjectConfigurationPlatforms) = postSolution
		{B1EF0999-0618-405C-9C34-CC58F3D5F392}.Debug|Any CPU.ActiveCfg = Debug|Any CPU
		{B1EF0999-0618-405C-9C34-CC58F3D5F392}.Debug|Any CPU.Build.0 = Debug|Any CPU
		{B1EF0999-0618-405C-9C34-CC58F3D5F392}.Release|Any CPU.ActiveCfg = Release|Any CPU
		{B1EF0999-0618-405C-9C34-CC58F3D5F392}.Release|Any CPU.Build.0 = Release|Any CPU
		{3853D6D8-54E9-4F35-8FA9-8A1C2BAE1DF1}.Debug|Any CPU.ActiveCfg = Debug|Any CPU
		{3853D6D8-54E9-4F35-8FA9-8A1C2BAE1DF1}.Debug|Any CPU.Build.0 = Debug|Any CPU
		{3853D6D8-54E9-4F35-8FA9-8A1C2BAE1DF1}.Release|Any CPU.ActiveCfg = Release|Any CPU
		{3853D6D8-54E9-4F35-8FA9-8A1C2BAE1DF1}.Release|Any CPU.Build.0 = Release|Any CPU
	EndGlobalSection
	GlobalSection(SolutionProperties) = preSolution
		HideSolutionNode = FALSE
	EndGlobalSection
	GlobalSection(ExtensibilityGlobals) = postSolution
		SolutionGuid = {66D690C2-0769-4A96-8354-43D0C86DEB2C}
	EndGlobalSection
EndGlobal
